
Microsoft Visual Studio Solution File, Format Version 12.00
Project("{FAE04EC0-301F-11D3-BF4B-00C04F79EFBC}") = "AOC2205", "AOC2205.csproj", "{A84011CB-7962-4928-B9DA-9A53D443A345}"
EndProject
Global
	GlobalSection(SolutionConfigurationPlatforms) = preSolution
		Debug|Any CPU = Debug|Any CPU
		Release|Any CPU = Release|Any CPU
	EndGlobalSection
	GlobalSection(ProjectConfigurationPlatforms) = postSolution
		{A84011CB-7962-4928-B9DA-9A53D443A345}.Debug|Any CPU.ActiveCfg = Debug|Any CPU
		{A84011CB-7962-4928-B9DA-9A53D443A345}.Debug|Any CPU.Build.0 = Debug|Any CPU
		{A84011CB-7962-4928-B9DA-9A53D443A345}.Release|Any CPU.ActiveCfg = Release|Any CPU
		{A84011CB-7962-4928-B9DA-9A53D443A345}.Release|Any CPU.Build.0 = Release|Any CPU
	EndGlobalSection
EndGlobal
